
Microsoft Visual Studio Solution File, Format Version 12.00
# Visual Studio Version 16
VisualStudioVersion = 16.0.33529.622
MinimumVisualStudioVersion = 10.0.40219.1
Project("{FAE04EC0-301F-11D3-BF4B-00C04F79EFBC}") = "AccountBook", "AccountBook\AccountBook.csproj", "{27A25216-D81D-492D-B43A-06D3353E5DBB}"
EndProject
Global
	GlobalSection(SolutionConfigurationPlatforms) = preSolution
		Debug|Any CPU = Debug|Any CPU
		Release|Any CPU = Release|Any CPU
	EndGlobalSection
	GlobalSection(ProjectConfigurationPlatforms) = postSolution
		{27A25216-D81D-492D-B43A-06D3353E5DBB}.Debug|Any CPU.ActiveCfg = Debug|Any CPU
		{27A25216-D81D-492D-B43A-06D3353E5DBB}.Debug|Any CPU.Build.0 = Debug|Any CPU
		{27A25216-D81D-492D-B43A-06D3353E5DBB}.Release|Any CPU.ActiveCfg = Release|Any CPU
		{27A25216-D81D-492D-B43A-06D3353E5DBB}.Release|Any CPU.Build.0 = Release|Any CPU
	EndGlobalSection
	GlobalSection(SolutionProperties) = preSolution
		HideSolutionNode = FALSE
	EndGlobalSection
	GlobalSection(ExtensibilityGlobals) = postSolution
		SolutionGuid = {B3859C7F-C284-4957-B2A1-44F30DDCA71D}
	EndGlobalSection
EndGlobal
